
Microsoft Visual Studio Solution File, Format Version 12.00
# 17
VisualStudioVersion = 17.0.31903.59
MinimumVisualStudioVersion = 10.0.40219.1
Project("{9A19103F-16F7-4668-BE54-9A1E7A4F7556}") = "IO.Compression.Lzma", "IO.Compression.Lzma\IO.Compression.Lzma.csproj", "{AA632210-4012-49D3-904F-BADA89B59AE6}"
EndProject
Project("{2150E333-8FDC-42A3-9474-1A3956D46DE8}") = "Test", "Test", "{33007D5E-2946-4DB1-B21B-A4143926583D}"
EndProject
Project("{9A19103F-16F7-4668-BE54-9A1E7A4F7556}") = "IO.Compression.Lzma.Tests", "Tests\IO.Compression.Lzma.Tests\IO.Compression.Lzma.Tests.csproj", "{A14747DB-7ACD-4105-875B-4ECB9AEDBF8E}"
EndProject
Global
	GlobalSection(SolutionConfigurationPlatforms) = preSolution
		Debug|Any CPU = Debug|Any CPU
		Release|Any CPU = Release|Any CPU
	EndGlobalSection
	GlobalSection(ProjectConfigurationPlatforms) = postSolution
		{AA632210-4012-49D3-904F-BADA89B59AE6}.Debug|Any CPU.ActiveCfg = Debug|Any CPU
		{AA632210-4012-49D3-904F-BADA89B59AE6}.Debug|Any CPU.Build.0 = Debug|Any CPU
		{AA632210-4012-49D3-904F-BADA89B59AE6}.Release|Any CPU.ActiveCfg = Release|Any CPU
		{AA632210-4012-49D3-904F-BADA89B59AE6}.Release|Any CPU.Build.0 = Release|Any CPU
		{A14747DB-7ACD-4105-875B-4ECB9AEDBF8E}.Debug|Any CPU.ActiveCfg = Debug|Any CPU
		{A14747DB-7ACD-4105-875B-4ECB9AEDBF8E}.Debug|Any CPU.Build.0 = Debug|Any CPU
		{A14747DB-7ACD-4105-875B-4ECB9AEDBF8E}.Release|Any CPU.ActiveCfg = Release|Any CPU
		{A14747DB-7ACD-4105-875B-4ECB9AEDBF8E}.Release|Any CPU.Build.0 = Release|Any CPU
	EndGlobalSection
	GlobalSection(SolutionProperties) = preSolution
		HideSolutionNode = FALSE
	EndGlobalSection
	GlobalSection(NestedProjects) = preSolution
		{A14747DB-7ACD-4105-875B-4ECB9AEDBF8E} = {33007D5E-2946-4DB1-B21B-A4143926583D}
	EndGlobalSection
	GlobalSection(ExtensibilityGlobals) = postSolution
		SolutionGuid = {7BEB2F3F-17A3-464D-8C10-FD549CCBA769}
	EndGlobalSection
EndGlobal
